
Microsoft Visual Studio Solution File, Format Version 12.00
# Visual Studio Version 16
VisualStudioVersion = 16.0.31025.194
MinimumVisualStudioVersion = 10.0.40219.1
Project("{9A19103F-16F7-4668-BE54-9A1E7A4F7556}") = "EmployeeHierarchy", "EmployeeHierarchy\EmployeeHierarchy.csproj", "{3D08BA86-662F-4AED-A1ED-B01A402B9CDD}"
EndProject
Project("{FAE04EC0-301F-11D3-BF4B-00C04F79EFBC}") = "EmployeeHierarchyTest", "EmployeeHierarchyTest\EmployeeHierarchyTest.csproj", "{CFDC13A3-3F0B-4EF1-B447-A516C760ACCD}"
EndProject
Global
	GlobalSection(SolutionConfigurationPlatforms) = preSolution
		Debug|Any CPU = Debug|Any CPU
		Release|Any CPU = Release|Any CPU
	EndGlobalSection
	GlobalSection(ProjectConfigurationPlatforms) = postSolution
		{3D08BA86-662F-4AED-A1ED-B01A402B9CDD}.Debug|Any CPU.ActiveCfg = Debug|Any CPU
		{3D08BA86-662F-4AED-A1ED-B01A402B9CDD}.Debug|Any CPU.Build.0 = Debug|Any CPU
		{3D08BA86-662F-4AED-A1ED-B01A402B9CDD}.Release|Any CPU.ActiveCfg = Release|Any CPU
		{3D08BA86-662F-4AED-A1ED-B01A402B9CDD}.Release|Any CPU.Build.0 = Release|Any CPU
		{CFDC13A3-3F0B-4EF1-B447-A516C760ACCD}.Debug|Any CPU.ActiveCfg = Debug|Any CPU
		{CFDC13A3-3F0B-4EF1-B447-A516C760ACCD}.Debug|Any CPU.Build.0 = Debug|Any CPU
		{CFDC13A3-3F0B-4EF1-B447-A516C760ACCD}.Release|Any CPU.ActiveCfg = Release|Any CPU
		{CFDC13A3-3F0B-4EF1-B447-A516C760ACCD}.Release|Any CPU.Build.0 = Release|Any CPU
	EndGlobalSection
	GlobalSection(SolutionProperties) = preSolution
		HideSolutionNode = FALSE
	EndGlobalSection
	GlobalSection(ExtensibilityGlobals) = postSolution
		SolutionGuid = {E4F01193-86DA-4EF2-9F80-1B509EAA695D}
	EndGlobalSection
EndGlobal
